
Microsoft Visual Studio Solution File, Format Version 12.00
# Visual Studio Version 17
VisualStudioVersion = 17.3.32922.545
MinimumVisualStudioVersion = 10.0.40219.1
Project("{9A19103F-16F7-4668-BE54-9A1E7A4F7556}") = "lab2OOP", "lab2OOP\lab2OOP.csproj", "{B951702C-A9EE-4333-9C83-CFCE22FCA660}"
EndProject
Project("{2150E333-8FDC-42A3-9474-1A3956D46DE8}") = "Solution Items", "Solution Items", "{E8E794C8-FE96-4B8D-A59F-4BED6DD117D3}"
EndProject
Global
	GlobalSection(SolutionConfigurationPlatforms) = preSolution
		Debug|Any CPU = Debug|Any CPU
		Release|Any CPU = Release|Any CPU
	EndGlobalSection
	GlobalSection(ProjectConfigurationPlatforms) = postSolution
		{B951702C-A9EE-4333-9C83-CFCE22FCA660}.Debug|Any CPU.ActiveCfg = Debug|Any CPU
		{B951702C-A9EE-4333-9C83-CFCE22FCA660}.Debug|Any CPU.Build.0 = Debug|Any CPU
		{B951702C-A9EE-4333-9C83-CFCE22FCA660}.Release|Any CPU.ActiveCfg = Release|Any CPU
		{B951702C-A9EE-4333-9C83-CFCE22FCA660}.Release|Any CPU.Build.0 = Release|Any CPU
	EndGlobalSection
	GlobalSection(SolutionProperties) = preSolution
		HideSolutionNode = FALSE
	EndGlobalSection
	GlobalSection(ExtensibilityGlobals) = postSolution
		SolutionGuid = {B07AFF92-4297-4145-A84C-CF44BFC838A5}
	EndGlobalSection
EndGlobal
